
Microsoft Visual Studio Solution File, Format Version 12.00
# Visual Studio Version 17
VisualStudioVersion = 17.0.31903.59
MinimumVisualStudioVersion = 10.0.40219.1
Project("{2150E333-8FDC-42A3-9474-1A3956D46DE8}") = "API", "API", "{7F1FEEFA-AA89-464A-A328-D7533E8D1B11}"
EndProject
Project("{2150E333-8FDC-42A3-9474-1A3956D46DE8}") = "BuildingBlocks", "BuildingBlocks", "{8062F044-BE0E-46A1-A2D9-E3777D2FFE35}"
EndProject
Project("{2150E333-8FDC-42A3-9474-1A3956D46DE8}") = "Modules", "Modules", "{923F2224-F820-42E4-919A-918F26CE473A}"
EndProject
Project("{2150E333-8FDC-42A3-9474-1A3956D46DE8}") = "Tests", "Tests", "{4CCB89DA-B500-48FE-A462-EE39771A6147}"
EndProject
Project("{FAE04EC0-301F-11D3-BF4B-00C04F79EFBC}") = "eShop.BuildingBlocks.Application", "BuildingBlocks\eShop.BuildingBlocks.Application\eShop.BuildingBlocks.Application.csproj", "{C3610FEE-C54D-4377-868D-FEC761A081C9}"
EndProject
Global
	GlobalSection(SolutionConfigurationPlatforms) = preSolution
		Debug|Any CPU = Debug|Any CPU
		Release|Any CPU = Release|Any CPU
	EndGlobalSection
	GlobalSection(SolutionProperties) = preSolution
		HideSolutionNode = FALSE
	EndGlobalSection
	GlobalSection(NestedProjects) = preSolution
		{C3610FEE-C54D-4377-868D-FEC761A081C9} = {8062F044-BE0E-46A1-A2D9-E3777D2FFE35}
	EndGlobalSection
	GlobalSection(ProjectConfigurationPlatforms) = postSolution
		{C3610FEE-C54D-4377-868D-FEC761A081C9}.Debug|Any CPU.ActiveCfg = Debug|Any CPU
		{C3610FEE-C54D-4377-868D-FEC761A081C9}.Debug|Any CPU.Build.0 = Debug|Any CPU
		{C3610FEE-C54D-4377-868D-FEC761A081C9}.Release|Any CPU.ActiveCfg = Release|Any CPU
		{C3610FEE-C54D-4377-868D-FEC761A081C9}.Release|Any CPU.Build.0 = Release|Any CPU
	EndGlobalSection
EndGlobal
